
Microsoft Visual Studio Solution File, Format Version 12.00
# Visual Studio Version 17
VisualStudioVersion = 17.0.31903.59
MinimumVisualStudioVersion = 10.0.40219.1
Project("{2150E333-8FDC-42A3-9474-1A3956D46DE8}") = "backend", "backend", "{E0DFB9A2-1378-4730-889B-7E1EE0C211F9}"
EndProject
Project("{FAE04EC0-301F-11D3-BF4B-00C04F79EFBC}") = "ModbusScada.Api", "backend\ModbusScada.Api\ModbusScada.Api.csproj", "{BA7E7322-0102-46A8-A48B-0BDEACB11E13}"
EndProject
Global
	GlobalSection(SolutionConfigurationPlatforms) = preSolution
		Debug|Any CPU = Debug|Any CPU
		Release|Any CPU = Release|Any CPU
	EndGlobalSection
	GlobalSection(SolutionProperties) = preSolution
		HideSolutionNode = FALSE
	EndGlobalSection
	GlobalSection(ProjectConfigurationPlatforms) = postSolution
		{BA7E7322-0102-46A8-A48B-0BDEACB11E13}.Debug|Any CPU.ActiveCfg = Debug|Any CPU
		{BA7E7322-0102-46A8-A48B-0BDEACB11E13}.Debug|Any CPU.Build.0 = Debug|Any CPU
		{BA7E7322-0102-46A8-A48B-0BDEACB11E13}.Release|Any CPU.ActiveCfg = Release|Any CPU
		{BA7E7322-0102-46A8-A48B-0BDEACB11E13}.Release|Any CPU.Build.0 = Release|Any CPU
	EndGlobalSection
	GlobalSection(NestedProjects) = preSolution
		{BA7E7322-0102-46A8-A48B-0BDEACB11E13} = {E0DFB9A2-1378-4730-889B-7E1EE0C211F9}
	EndGlobalSection
EndGlobal
